// !$*UTF8*$!
{
	archiveVersion = 1;
	classes = {
	};
	objectVersion = 54;
	objects = {

/* Begin PBXBuildFile section */
		3506E0312A4C8C9F0095B5E3 /* LoginViewController.swift in Sources */ = {isa = PBXBuildFile; fileRef = 3506E0302A4C8C9F0095B5E3 /* LoginViewController.swift */; };
		352094812320DE5C004D4858 /* UIImagePlugin.swift in Sources */ = {isa = PBXBuildFile; fileRef = 352094802320DE5C004D4858 /* UIImagePlugin.swift */; };
		352094852320DE8E004D4858 /* UIFontPlugin.swift in Sources */ = {isa = PBXBuildFile; fileRef = 352094842320DE8E004D4858 /* UIFontPlugin.swift */; };
		352094872320DE9C004D4858 /* UIColorPlugin.swift in Sources */ = {isa = PBXBuildFile; fileRef = 352094862320DE9C004D4858 /* UIColorPlugin.swift */; };
		352094892320E3CD004D4858 /* UITextFieldPlugin.swift in Sources */ = {isa = PBXBuildFile; fileRef = 352094882320E3CD004D4858 /* UITextFieldPlugin.swift */; };
		3520948B2320E5E7004D4858 /* UIButtonPlugin.swift in Sources */ = {isa = PBXBuildFile; fileRef = 3520948A2320E5E7004D4858 /* UIButtonPlugin.swift */; };
		3520948D2320EAC3004D4858 /* NSObjectRuntime.swift in Sources */ = {isa = PBXBuildFile; fileRef = 3520948C2320EAC3004D4858 /* NSObjectRuntime.swift */; };
		352094902320F45C004D4858 /* UIViewControllerPlugin.swift in Sources */ = {isa = PBXBuildFile; fileRef = 3520948F2320F45C004D4858 /* UIViewControllerPlugin.swift */; };
		35209492232112EB004D4858 /* LFScreenAdaptor.swift in Sources */ = {isa = PBXBuildFile; fileRef = 35209491232112EB004D4858 /* LFScreenAdaptor.swift */; };
		352094942321E62A004D4858 /* Initialize.swift in Sources */ = {isa = PBXBuildFile; fileRef = 352094932321E62A004D4858 /* Initialize.swift */; };
		352094982321EC5A004D4858 /* NextViewController.swift in Sources */ = {isa = PBXBuildFile; fileRef = 352094972321EC5A004D4858 /* NextViewController.swift */; };
		3520949A2322317F004D4858 /* StringPlugin.swift in Sources */ = {isa = PBXBuildFile; fileRef = 352094992322317F004D4858 /* StringPlugin.swift */; };
		352397362A3E1A010046A201 /* VendingMachine.swift in Sources */ = {isa = PBXBuildFile; fileRef = 352397352A3E1A010046A201 /* VendingMachine.swift */; };
		352E296A2A6EB67E0021FD90 /* TypeEraseExample.swift in Sources */ = {isa = PBXBuildFile; fileRef = 352E29692A6EB67E0021FD90 /* TypeEraseExample.swift */; };
		3578921C228D3D77007EF02D /* AppDelegate.swift in Sources */ = {isa = PBXBuildFile; fileRef = 3578921B228D3D77007EF02D /* AppDelegate.swift */; };
		3578921E228D3D77007EF02D /* ViewController.swift in Sources */ = {isa = PBXBuildFile; fileRef = 3578921D228D3D77007EF02D /* ViewController.swift */; };
		35789221228D3D77007EF02D /* Main.storyboard in Resources */ = {isa = PBXBuildFile; fileRef = 3578921F228D3D77007EF02D /* Main.storyboard */; };
		35789223228D3D78007EF02D /* Assets.xcassets in Resources */ = {isa = PBXBuildFile; fileRef = 35789222228D3D78007EF02D /* Assets.xcassets */; };
		35789226228D3D78007EF02D /* LaunchScreen.storyboard in Resources */ = {isa = PBXBuildFile; fileRef = 35789224228D3D78007EF02D /* LaunchScreen.storyboard */; };
		357A02392AB5A68A0099198D /* VendingMachineViewController.swift in Sources */ = {isa = PBXBuildFile; fileRef = 357A02382AB5A68A0099198D /* VendingMachineViewController.swift */; };
		357A023B2AB5AA370099198D /* BloodTypes.swift in Sources */ = {isa = PBXBuildFile; fileRef = 357A023A2AB5AA370099198D /* BloodTypes.swift */; };
		35908B7C2A5013510076184E /* Account.swift in Sources */ = {isa = PBXBuildFile; fileRef = 35908B7B2A5013510076184E /* Account.swift */; };
		AF805456BC25B87141BBA766 /* Pods_NewProjectDemo.framework in Frameworks */ = {isa = PBXBuildFile; fileRef = 603A13832D3F9AE9D879899B /* Pods_NewProjectDemo.framework */; };
/* End PBXBuildFile section */

/* Begin PBXFileReference section */
		3506E0302A4C8C9F0095B5E3 /* LoginViewController.swift */ = {isa = PBXFileReference; lastKnownFileType = sourcecode.swift; path = LoginViewController.swift; sourceTree = "<group>"; };
		352094802320DE5C004D4858 /* UIImagePlugin.swift */ = {isa = PBXFileReference; lastKnownFileType = sourcecode.swift; path = UIImagePlugin.swift; sourceTree = "<group>"; };
		352094842320DE8E004D4858 /* UIFontPlugin.swift */ = {isa = PBXFileReference; lastKnownFileType = sourcecode.swift; path = UIFontPlugin.swift; sourceTree = "<group>"; };
		352094862320DE9C004D4858 /* UIColorPlugin.swift */ = {isa = PBXFileReference; lastKnownFileType = sourcecode.swift; path = UIColorPlugin.swift; sourceTree = "<group>"; };
		352094882320E3CD004D4858 /* UITextFieldPlugin.swift */ = {isa = PBXFileReference; lastKnownFileType = sourcecode.swift; path = UITextFieldPlugin.swift; sourceTree = "<group>"; };
		3520948A2320E5E7004D4858 /* UIButtonPlugin.swift */ = {isa = PBXFileReference; lastKnownFileType = sourcecode.swift; path = UIButtonPlugin.swift; sourceTree = "<group>"; };
		3520948C2320EAC3004D4858 /* NSObjectRuntime.swift */ = {isa = PBXFileReference; lastKnownFileType = sourcecode.swift; path = NSObjectRuntime.swift; sourceTree = "<group>"; };
		3520948F2320F45C004D4858 /* UIViewControllerPlugin.swift */ = {isa = PBXFileReference; lastKnownFileType = sourcecode.swift; path = UIViewControllerPlugin.swift; sourceTree = "<group>"; };
		35209491232112EB004D4858 /* LFScreenAdaptor.swift */ = {isa = PBXFileReference; fileEncoding = 4; lastKnownFileType = sourcecode.swift; path = LFScreenAdaptor.swift; sourceTree = "<group>"; };
		352094932321E62A004D4858 /* Initialize.swift */ = {isa = PBXFileReference; lastKnownFileType = sourcecode.swift; path = Initialize.swift; sourceTree = "<group>"; };
		352094972321EC5A004D4858 /* NextViewController.swift */ = {isa = PBXFileReference; lastKnownFileType = sourcecode.swift; path = NextViewController.swift; sourceTree = "<group>"; };
		352094992322317F004D4858 /* StringPlugin.swift */ = {isa = PBXFileReference; lastKnownFileType = sourcecode.swift; path = StringPlugin.swift; sourceTree = "<group>"; };
		352397352A3E1A010046A201 /* VendingMachine.swift */ = {isa = PBXFileReference; lastKnownFileType = sourcecode.swift; path = VendingMachine.swift; sourceTree = "<group>"; };
		352E29692A6EB67E0021FD90 /* TypeEraseExample.swift */ = {isa = PBXFileReference; lastKnownFileType = sourcecode.swift; path = TypeEraseExample.swift; sourceTree = "<group>"; };
		35789218228D3D77007EF02D /* NewProjectDemo.app */ = {isa = PBXFileReference; explicitFileType = wrapper.application; includeInIndex = 0; path = NewProjectDemo.app; sourceTree = BUILT_PRODUCTS_DIR; };
		3578921B228D3D77007EF02D /* AppDelegate.swift */ = {isa = PBXFileReference; lastKnownFileType = sourcecode.swift; path = AppDelegate.swift; sourceTree = "<group>"; };
		3578921D228D3D77007EF02D /* ViewController.swift */ = {isa = PBXFileReference; lastKnownFileType = sourcecode.swift; path = ViewController.swift; sourceTree = "<group>"; };
		35789220228D3D77007EF02D /* Base */ = {isa = PBXFileReference; lastKnownFileType = file.storyboard; name = Base; path = Base.lproj/Main.storyboard; sourceTree = "<group>"; };
		35789222228D3D78007EF02D /* Assets.xcassets */ = {isa = PBXFileReference; lastKnownFileType = folder.assetcatalog; path = Assets.xcassets; sourceTree = "<group>"; };
		35789225228D3D78007EF02D /* Base */ = {isa = PBXFileReference; lastKnownFileType = file.storyboard; name = Base; path = Base.lproj/LaunchScreen.storyboard; sourceTree = "<group>"; };
		35789227228D3D78007EF02D /* Info.plist */ = {isa = PBXFileReference; lastKnownFileType = text.plist.xml; path = Info.plist; sourceTree = "<group>"; };
		357A02382AB5A68A0099198D /* VendingMachineViewController.swift */ = {isa = PBXFileReference; lastKnownFileType = sourcecode.swift; path = VendingMachineViewController.swift; sourceTree = "<group>"; };
		357A023A2AB5AA370099198D /* BloodTypes.swift */ = {isa = PBXFileReference; lastKnownFileType = sourcecode.swift; path = BloodTypes.swift; sourceTree = "<group>"; };
		35908B7B2A5013510076184E /* Account.swift */ = {isa = PBXFileReference; lastKnownFileType = sourcecode.swift; path = Account.swift; sourceTree = "<group>"; };
		523200691A305DBE3B911C91 /* Pods-NewProjectDemo.release.xcconfig */ = {isa = PBXFileReference; includeInIndex = 1; lastKnownFileType = text.xcconfig; name = "Pods-NewProjectDemo.release.xcconfig"; path = "Target Support Files/Pods-NewProjectDemo/Pods-NewProjectDemo.release.xcconfig"; sourceTree = "<group>"; };
		52636E4FC1CD1A1B470150A7 /* Pods-NewProjectDemo.debug.xcconfig */ = {isa = PBXFileReference; includeInIndex = 1; lastKnownFileType = text.xcconfig; name = "Pods-NewProjectDemo.debug.xcconfig"; path = "Target Support Files/Pods-NewProjectDemo/Pods-NewProjectDemo.debug.xcconfig"; sourceTree = "<group>"; };
		603A13832D3F9AE9D879899B /* Pods_NewProjectDemo.framework */ = {isa = PBXFileReference; explicitFileType = wrapper.framework; includeInIndex = 0; path = Pods_NewProjectDemo.framework; sourceTree = BUILT_PRODUCTS_DIR; };
/* End PBXFileReference section */

/* Begin PBXFrameworksBuildPhase section */
		35789215228D3D77007EF02D /* Frameworks */ = {
			isa = PBXFrameworksBuildPhase;
			buildActionMask = 2147483647;
			files = (
				AF805456BC25B87141BBA766 /* Pods_NewProjectDemo.framework in Frameworks */,
			);
			runOnlyForDeploymentPostprocessing = 0;
		};
/* End PBXFrameworksBuildPhase section */

/* Begin PBXGroup section */
		352094822320DE66004D4858 /* Plugins */ = {
			isa = PBXGroup;
			children = (
				352094832320DE7F004D4858 /* UIKit */,
				3520948E2320EACA004D4858 /* Foundation */,
				352094952321E62F004D4858 /* Protocol */,
			);
			path = Plugins;
			sourceTree = "<group>";
		};
		352094832320DE7F004D4858 /* UIKit */ = {
			isa = PBXGroup;
			children = (
				35209491232112EB004D4858 /* LFScreenAdaptor.swift */,
				352094802320DE5C004D4858 /* UIImagePlugin.swift */,
				352094842320DE8E004D4858 /* UIFontPlugin.swift */,
				352094862320DE9C004D4858 /* UIColorPlugin.swift */,
				352094882320E3CD004D4858 /* UITextFieldPlugin.swift */,
				3520948A2320E5E7004D4858 /* UIButtonPlugin.swift */,
				3520948F2320F45C004D4858 /* UIViewControllerPlugin.swift */,
			);
			path = UIKit;
			sourceTree = "<group>";
		};
		3520948E2320EACA004D4858 /* Foundation */ = {
			isa = PBXGroup;
			children = (
				3520948C2320EAC3004D4858 /* NSObjectRuntime.swift */,
				352094992322317F004D4858 /* StringPlugin.swift */,
			);
			path = Foundation;
			sourceTree = "<group>";
		};
		352094952321E62F004D4858 /* Protocol */ = {
			isa = PBXGroup;
			children = (
				352094932321E62A004D4858 /* Initialize.swift */,
			);
			path = Protocol;
			sourceTree = "<group>";
		};
		352094962321EC48004D4858 /* Controllers */ = {
			isa = PBXGroup;
			children = (
				3578921D228D3D77007EF02D /* ViewController.swift */,
				352094972321EC5A004D4858 /* NextViewController.swift */,
				3506E0302A4C8C9F0095B5E3 /* LoginViewController.swift */,
				357A02382AB5A68A0099198D /* VendingMachineViewController.swift */,
				352397352A3E1A010046A201 /* VendingMachine.swift */,
				357A023A2AB5AA370099198D /* BloodTypes.swift */,
				35908B7B2A5013510076184E /* Account.swift */,
				352E29692A6EB67E0021FD90 /* TypeEraseExample.swift */,
			);
			path = Controllers;
			sourceTree = "<group>";
		};
		3578920F228D3D77007EF02D = {
			isa = PBXGroup;
			children = (
				3578921A228D3D77007EF02D /* NewProjectDemo */,
				35789219228D3D77007EF02D /* Products */,
				777976B3AD74DDF9B0E8AFEE /* Pods */,
				980D7F2D911E3B0B60B1AE27 /* Frameworks */,
			);
			sourceTree = "<group>";
		};
		35789219228D3D77007EF02D /* Products */ = {
			isa = PBXGroup;
			children = (
				35789218228D3D77007EF02D /* NewProjectDemo.app */,
			);
			name = Products;
			sourceTree = "<group>";
		};
		3578921A228D3D77007EF02D /* NewProjectDemo */ = {
			isa = PBXGroup;
			children = (
				3578921B228D3D77007EF02D /* AppDelegate.swift */,
				352094962321EC48004D4858 /* Controllers */,
				352094822320DE66004D4858 /* Plugins */,
				3578921F228D3D77007EF02D /* Main.storyboard */,
				35789222228D3D78007EF02D /* Assets.xcassets */,
				35789224228D3D78007EF02D /* LaunchScreen.storyboard */,
				35789227228D3D78007EF02D /* Info.plist */,
			);
			path = NewProjectDemo;
			sourceTree = "<group>";
		};
		777976B3AD74DDF9B0E8AFEE /* Pods */ = {
			isa = PBXGroup;
			children = (
				52636E4FC1CD1A1B470150A7 /* Pods-NewProjectDemo.debug.xcconfig */,
				523200691A305DBE3B911C91 /* Pods-NewProjectDemo.release.xcconfig */,
			);
			path = Pods;
			sourceTree = "<group>";
		};
		980D7F2D911E3B0B60B1AE27 /* Frameworks */ = {
			isa = PBXGroup;
			children = (
				603A13832D3F9AE9D879899B /* Pods_NewProjectDemo.framework */,
			);
			name = Frameworks;
			sourceTree = "<group>";
		};
/* End PBXGroup section */

/* Begin PBXNativeTarget section */
		35789217228D3D77007EF02D /* NewProjectDemo */ = {
			isa = PBXNativeTarget;
			buildConfigurationList = 3578922A228D3D78007EF02D /* Build configuration list for PBXNativeTarget "NewProjectDemo" */;
			buildPhases = (
				05C7A8358F5E483DBBEDD3D7 /* [CP] Check Pods Manifest.lock */,
				35789214228D3D77007EF02D /* Sources */,
				35789215228D3D77007EF02D /* Frameworks */,
				35789216228D3D77007EF02D /* Resources */,
				6749BD444C97C8D008A6D407 /* [CP] Embed Pods Frameworks */,
			);
			buildRules = (
			);
			dependencies = (
			);
			name = NewProjectDemo;
			productName = NewProjectDemo;
			productReference = 35789218228D3D77007EF02D /* NewProjectDemo.app */;
			productType = "com.apple.product-type.application";
		};
/* End PBXNativeTarget section */

/* Begin PBXProject section */
		35789210228D3D77007EF02D /* Project object */ = {
			isa = PBXProject;
			attributes = {
				LastSwiftUpdateCheck = 1020;
				LastUpgradeCheck = 1020;
				ORGANIZATIONNAME = LeonDeng;
				TargetAttributes = {
					35789217228D3D77007EF02D = {
						CreatedOnToolsVersion = 10.2.1;
					};
				};
			};
			buildConfigurationList = 35789213228D3D77007EF02D /* Build configuration list for PBXProject "NewProjectDemo" */;
			compatibilityVersion = "Xcode 9.3";
			developmentRegion = en;
			hasScannedForEncodings = 0;
			knownRegions = (
				en,
				Base,
			);
			mainGroup = 3578920F228D3D77007EF02D;
			productRefGroup = 35789219228D3D77007EF02D /* Products */;
			projectDirPath = "";
			projectRoot = "";
			targets = (
				35789217228D3D77007EF02D /* NewProjectDemo */,
			);
		};
/* End PBXProject section */

/* Begin PBXResourcesBuildPhase section */
		35789216228D3D77007EF02D /* Resources */ = {
			isa = PBXResourcesBuildPhase;
			buildActionMask = 2147483647;
			files = (
				35789226228D3D78007EF02D /* LaunchScreen.storyboard in Resources */,
				35789223228D3D78007EF02D /* Assets.xcassets in Resources */,
				35789221228D3D77007EF02D /* Main.storyboard in Resources */,
			);
			runOnlyForDeploymentPostprocessing = 0;
		};
/* End PBXResourcesBuildPhase section */

/* Begin PBXShellScriptBuildPhase section */
		05C7A8358F5E483DBBEDD3D7 /* [CP] Check Pods Manifest.lock */ = {
			isa = PBXShellScriptBuildPhase;
			buildActionMask = 2147483647;
			files = (
			);
			inputFileListPaths = (
			);
			inputPaths = (
				"${PODS_PODFILE_DIR_PATH}/Podfile.lock",
				"${PODS_ROOT}/Manifest.lock",
			);
			name = "[CP] Check Pods Manifest.lock";
			outputFileListPaths = (
			);
			outputPaths = (
				"$(DERIVED_FILE_DIR)/Pods-NewProjectDemo-checkManifestLockResult.txt",
			);
			runOnlyForDeploymentPostprocessing = 0;
			shellPath = /bin/sh;
			shellScript = "diff \"${PODS_PODFILE_DIR_PATH}/Podfile.lock\" \"${PODS_ROOT}/Manifest.lock\" > /dev/null\nif [ $? != 0 ] ; then\n    # print error to STDERR\n    echo \"error: The sandbox is not in sync with the Podfile.lock. Run 'pod install' or update your CocoaPods installation.\" >&2\n    exit 1\nfi\n# This output is used by Xcode 'outputs' to avoid re-running this script phase.\necho \"SUCCESS\" > \"${SCRIPT_OUTPUT_FILE_0}\"\n";
			showEnvVarsInLog = 0;
		};
		6749BD444C97C8D008A6D407 /* [CP] Embed Pods Frameworks */ = {
			isa = PBXShellScriptBuildPhase;
			buildActionMask = 2147483647;
			files = (
			);
			inputFileListPaths = (
				"${PODS_ROOT}/Target Support Files/Pods-NewProjectDemo/Pods-NewProjectDemo-frameworks-${CONFIGURATION}-input-files.xcfilelist",
			);
			name = "[CP] Embed Pods Frameworks";
			outputFileListPaths = (
				"${PODS_ROOT}/Target Support Files/Pods-NewProjectDemo/Pods-NewProjectDemo-frameworks-${CONFIGURATION}-output-files.xcfilelist",
			);
			runOnlyForDeploymentPostprocessing = 0;
			shellPath = /bin/sh;
			shellScript = "\"${PODS_ROOT}/Target Support Files/Pods-NewProjectDemo/Pods-NewProjectDemo-frameworks.sh\"\n";
			showEnvVarsInLog = 0;
		};
/* End PBXShellScriptBuildPhase section */

/* Begin PBXSourcesBuildPhase section */
		35789214228D3D77007EF02D /* Sources */ = {
			isa = PBXSourcesBuildPhase;
			buildActionMask = 2147483647;
			files = (
				352094892320E3CD004D4858 /* UITextFieldPlugin.swift in Sources */,
				357A023B2AB5AA370099198D /* BloodTypes.swift in Sources */,
				352E296A2A6EB67E0021FD90 /* TypeEraseExample.swift in Sources */,
				352094982321EC5A004D4858 /* NextViewController.swift in Sources */,
				352094872320DE9C004D4858 /* UIColorPlugin.swift in Sources */,
				3506E0312A4C8C9F0095B5E3 /* LoginViewController.swift in Sources */,
				3578921E228D3D77007EF02D /* ViewController.swift in Sources */,
				35908B7C2A5013510076184E /* Account.swift in Sources */,
				352094942321E62A004D4858 /* Initialize.swift in Sources */,
				35209492232112EB004D4858 /* LFScreenAdaptor.swift in Sources */,
				352094852320DE8E004D4858 /* UIFontPlugin.swift in Sources */,
				357A02392AB5A68A0099198D /* VendingMachineViewController.swift in Sources */,
				3520948D2320EAC3004D4858 /* NSObjectRuntime.swift in Sources */,
				352094812320DE5C004D4858 /* UIImagePlugin.swift in Sources */,
				3578921C228D3D77007EF02D /* AppDelegate.swift in Sources */,
				3520949A2322317F004D4858 /* StringPlugin.swift in Sources */,
				352094902320F45C004D4858 /* UIViewControllerPlugin.swift in Sources */,
				3520948B2320E5E7004D4858 /* UIButtonPlugin.swift in Sources */,
				352397362A3E1A010046A201 /* VendingMachine.swift in Sources */,
			);
			runOnlyForDeploymentPostprocessing = 0;
		};
/* End PBXSourcesBuildPhase section */

/* Begin PBXVariantGroup section */
		3578921F228D3D77007EF02D /* Main.storyboard */ = {
			isa = PBXVariantGroup;
			children = (
				35789220228D3D77007EF02D /* Base */,
			);
			name = Main.storyboard;
			sourceTree = "<group>";
		};
		35789224228D3D78007EF02D /* LaunchScreen.storyboard */ = {
			isa = PBXVariantGroup;
			children = (
				35789225228D3D78007EF02D /* Base */,
			);
			name = LaunchScreen.storyboard;
			sourceTree = "<group>";
		};
/* End PBXVariantGroup section */

/* Begin XCBuildConfiguration section */
		35789228228D3D78007EF02D /* Debug */ = {
			isa = XCBuildConfiguration;
			buildSettings = {
				ALWAYS_SEARCH_USER_PATHS = NO;
				CLANG_ANALYZER_NONNULL = YES;
				CLANG_ANALYZER_NUMBER_OBJECT_CONVERSION = YES_AGGRESSIVE;
				CLANG_CXX_LANGUAGE_STANDARD = "gnu++14";
				CLANG_CXX_LIBRARY = "libc++";
				CLANG_ENABLE_MODULES = YES;
				CLANG_ENABLE_OBJC_ARC = YES;
				CLANG_ENABLE_OBJC_WEAK = YES;
				CLANG_WARN_BLOCK_CAPTURE_AUTORELEASING = YES;
				CLANG_WARN_BOOL_CONVERSION = YES;
				CLANG_WARN_COMMA = YES;
				CLANG_WARN_CONSTANT_CONVERSION = YES;
				CLANG_WARN_DEPRECATED_OBJC_IMPLEMENTATIONS = YES;
				CLANG_WARN_DIRECT_OBJC_ISA_USAGE = YES_ERROR;
				CLANG_WARN_DOCUMENTATION_COMMENTS = YES;
				CLANG_WARN_EMPTY_BODY = YES;
				CLANG_WARN_ENUM_CONVERSION = YES;
				CLANG_WARN_INFINITE_RECURSION = YES;
				CLANG_WARN_INT_CONVERSION = YES;
				CLANG_WARN_NON_LITERAL_NULL_CONVERSION = YES;
				CLANG_WARN_OBJC_IMPLICIT_RETAIN_SELF = YES;
				CLANG_WARN_OBJC_LITERAL_CONVERSION = YES;
				CLANG_WARN_OBJC_ROOT_CLASS = YES_ERROR;
				CLANG_WARN_RANGE_LOOP_ANALYSIS = YES;
				CLANG_WARN_STRICT_PROTOTYPES = YES;
				CLANG_WARN_SUSPICIOUS_MOVE = YES;
				CLANG_WARN_UNGUARDED_AVAILABILITY = YES_AGGRESSIVE;
				CLANG_WARN_UNREACHABLE_CODE = YES;
				CLANG_WARN__DUPLICATE_METHOD_MATCH = YES;
				CODE_SIGN_IDENTITY = "iPhone Developer";
				COPY_PHASE_STRIP = NO;
				DEBUG_INFORMATION_FORMAT = dwarf;
				ENABLE_STRICT_OBJC_MSGSEND = YES;
				ENABLE_TESTABILITY = YES;
				GCC_C_LANGUAGE_STANDARD = gnu11;
				GCC_DYNAMIC_NO_PIC = NO;
				GCC_NO_COMMON_BLOCKS = YES;
				GCC_OPTIMIZATION_LEVEL = 0;
				GCC_PREPROCESSOR_DEFINITIONS = (
					"DEBUG=1",
					"$(inherited)",
				);
				GCC_WARN_64_TO_32_BIT_CONVERSION = YES;
				GCC_WARN_ABOUT_RETURN_TYPE = YES_ERROR;
				GCC_WARN_UNDECLARED_SELECTOR = YES;
				GCC_WARN_UNINITIALIZED_AUTOS = YES_AGGRESSIVE;
				GCC_WARN_UNUSED_FUNCTION = YES;
				GCC_WARN_UNUSED_VARIABLE = YES;
				IPHONEOS_DEPLOYMENT_TARGET = 12.2;
				MTL_ENABLE_DEBUG_INFO = INCLUDE_SOURCE;
				MTL_FAST_MATH = YES;
				ONLY_ACTIVE_ARCH = YES;
				SDKROOT = iphoneos;
				SWIFT_ACTIVE_COMPILATION_CONDITIONS = DEBUG;
				SWIFT_OPTIMIZATION_LEVEL = "-Onone";
			};
			name = Debug;
		};
		35789229228D3D78007EF02D /* Release */ = {
			isa = XCBuildConfiguration;
			buildSettings = {
				ALWAYS_SEARCH_USER_PATHS = NO;
				CLANG_ANALYZER_NONNULL = YES;
				CLANG_ANALYZER_NUMBER_OBJECT_CONVERSION = YES_AGGRESSIVE;
				CLANG_CXX_LANGUAGE_STANDARD = "gnu++14";
				CLANG_CXX_LIBRARY = "libc++";
				CLANG_ENABLE_MODULES = YES;
				CLANG_ENABLE_OBJC_ARC = YES;
				CLANG_ENABLE_OBJC_WEAK = YES;
				CLANG_WARN_BLOCK_CAPTURE_AUTORELEASING = YES;
				CLANG_WARN_BOOL_CONVERSION = YES;
				CLANG_WARN_COMMA = YES;
				CLANG_WARN_CONSTANT_CONVERSION = YES;
				CLANG_WARN_DEPRECATED_OBJC_IMPLEMENTATIONS = YES;
				CLANG_WARN_DIRECT_OBJC_ISA_USAGE = YES_ERROR;
				CLANG_WARN_DOCUMENTATION_COMMENTS = YES;
				CLANG_WARN_EMPTY_BODY = YES;
				CLANG_WARN_ENUM_CONVERSION = YES;
				CLANG_WARN_INFINITE_RECURSION = YES;
				CLANG_WARN_INT_CONVERSION = YES;
				CLANG_WARN_NON_LITERAL_NULL_CONVERSION = YES;
				CLANG_WARN_OBJC_IMPLICIT_RETAIN_SELF = YES;
				CLANG_WARN_OBJC_LITERAL_CONVERSION = YES;
				CLANG_WARN_OBJC_ROOT_CLASS = YES_ERROR;
				CLANG_WARN_RANGE_LOOP_ANALYSIS = YES;
				CLANG_WARN_STRICT_PROTOTYPES = YES;
				CLANG_WARN_SUSPICIOUS_MOVE = YES;
				CLANG_WARN_UNGUARDED_AVAILABILITY = YES_AGGRESSIVE;
				CLANG_WARN_UNREACHABLE_CODE = YES;
				CLANG_WARN__DUPLICATE_METHOD_MATCH = YES;
				CODE_SIGN_IDENTITY = "iPhone Developer";
				COPY_PHASE_STRIP = NO;
				DEBUG_INFORMATION_FORMAT = "dwarf-with-dsym";
				ENABLE_NS_ASSERTIONS = NO;
				ENABLE_STRICT_OBJC_MSGSEND = YES;
				GCC_C_LANGUAGE_STANDARD = gnu11;
				GCC_NO_COMMON_BLOCKS = YES;
				GCC_WARN_64_TO_32_BIT_CONVERSION = YES;
				GCC_WARN_ABOUT_RETURN_TYPE = YES_ERROR;
				GCC_WARN_UNDECLARED_SELECTOR = YES;
				GCC_WARN_UNINITIALIZED_AUTOS = YES_AGGRESSIVE;
				GCC_WARN_UNUSED_FUNCTION = YES;
				GCC_WARN_UNUSED_VARIABLE = YES;
				IPHONEOS_DEPLOYMENT_TARGET = 12.2;
				MTL_ENABLE_DEBUG_INFO = NO;
				MTL_FAST_MATH = YES;
				SDKROOT = iphoneos;
				SWIFT_COMPILATION_MODE = wholemodule;
				SWIFT_OPTIMIZATION_LEVEL = "-O";
				VALIDATE_PRODUCT = YES;
			};
			name = Release;
		};
		3578922B228D3D78007EF02D /* Debug */ = {
			isa = XCBuildConfiguration;
			baseConfigurationReference = 52636E4FC1CD1A1B470150A7 /* Pods-NewProjectDemo.debug.xcconfig */;
			buildSettings = {
				ASSETCATALOG_COMPILER_APPICON_NAME = AppIcon;
				CODE_SIGN_STYLE = Automatic;
				DEVELOPMENT_TEAM = VSH7W5Y66V;
				INFOPLIST_FILE = NewProjectDemo/Info.plist;
				IPHONEOS_DEPLOYMENT_TARGET = 14.0;
				LD_RUNPATH_SEARCH_PATHS = (
					"$(inherited)",
					"@executable_path/Frameworks",
				);
				PRODUCT_BUNDLE_IDENTIFIER = GitHubDemo.NewProjectDemo;
				PRODUCT_NAME = "$(TARGET_NAME)";
				SWIFT_VERSION = 5.0;
				TARGETED_DEVICE_FAMILY = "1,2";
			};
			name = Debug;
		};
		3578922C228D3D78007EF02D /* Release */ = {
			isa = XCBuildConfiguration;
			baseConfigurationReference = 523200691A305DBE3B911C91 /* Pods-NewProjectDemo.release.xcconfig */;
			buildSettings = {
				ASSETCATALOG_COMPILER_APPICON_NAME = AppIcon;
				CODE_SIGN_STYLE = Automatic;
				DEVELOPMENT_TEAM = VSH7W5Y66V;
				INFOPLIST_FILE = NewProjectDemo/Info.plist;
				IPHONEOS_DEPLOYMENT_TARGET = 14.0;
				LD_RUNPATH_SEARCH_PATHS = (
					"$(inherited)",
					"@executable_path/Frameworks",
				);
				PRODUCT_BUNDLE_IDENTIFIER = GitHubDemo.NewProjectDemo;
				PRODUCT_NAME = "$(TARGET_NAME)";
				SWIFT_VERSION = 5.0;
				TARGETED_DEVICE_FAMILY = "1,2";
			};
			name = Release;
		};
/* End XCBuildConfiguration section */

/* Begin XCConfigurationList section */
		35789213228D3D77007EF02D /* Build configuration list for PBXProject "NewProjectDemo" */ = {
			isa = XCConfigurationList;
			buildConfigurations = (
				35789228228D3D78007EF02D /* Debug */,
				35789229228D3D78007EF02D /* Release */,
			);
			defaultConfigurationIsVisible = 0;
			defaultConfigurationName = Release;
		};
		3578922A228D3D78007EF02D /* Build configuration list for PBXNativeTarget "NewProjectDemo" */ = {
			isa = XCConfigurationList;
			buildConfigurations = (
				3578922B228D3D78007EF02D /* Debug */,
				3578922C228D3D78007EF02D /* Release */,
			);
			defaultConfigurationIsVisible = 0;
			defaultConfigurationName = Release;
		};
/* End XCConfigurationList section */
	};
	rootObject = 35789210228D3D77007EF02D /* Project object */;
}
